{
  "name": "miracle-gpt",
  "lockfileVersion": 2,
  "requires": true,
  "packages": {
    "": {
      "dependencies": {
        "@fortawesome/fontawesome-svg-core": "^6.5.1",
        "@fortawesome/free-brands-svg-icons": "^6.5.1",
        "@fortawesome/free-regular-svg-icons": "^6.5.1",
        "@fortawesome/free-solid-svg-icons": "^6.5.1",
        "@fortawesome/vue-fontawesome": "^3.0.5",
        "floating-vue": "^2.0.0-beta.24",
        "moment": "^2.30.1",
        "v-tooltip": "^2.1.3"
      }
    },
    "node_modules/@babel/parser": {
      "version": "7.23.6",
      "resolved": "https://registry.npmjs.org/@babel/parser/-/parser-7.23.6.tgz",
      "integrity": "sha512-Z2uID7YJ7oNvAI20O9X0bblw7Qqs8Q2hFy0R9tAfnfLkp5MW0UH9eUvnDSnFwKZ0AvgS1ucqR4KzvVHgnke1VQ==",
      "peer": true,
      "bin": {
        "parser": "bin/babel-parser.js"
      },
      "engines": {
        "node": ">=6.0.0"
      }
    },
    "node_modules/@babel/runtime": {
      "version": "7.23.7",
      "resolved": "https://registry.npmjs.org/@babel/runtime/-/runtime-7.23.7.tgz",
      "integrity": "sha512-w06OXVOFso7LcbzMiDGt+3X7Rh7Ho8MmgPoWU3rarH+8upf+wSU/grlGbWzQyr3DkdN6ZeuMFjpdwW0Q+HxobA==",
      "dependencies": {
        "regenerator-runtime": "^0.14.0"
      },
      "engines": {
        "node": ">=6.9.0"
      }
    },
    "node_modules/@floating-ui/core": {
      "version": "1.5.2",
      "resolved": "https://registry.npmjs.org/@floating-ui/core/-/core-1.5.2.tgz",
      "integrity": "sha512-Ii3MrfY/GAIN3OhXNzpCKaLxHQfJF9qvwq/kEJYdqDxeIHa01K8sldugal6TmeeXl+WMvhv9cnVzUTaFFJF09A==",
      "dependencies": {
        "@floating-ui/utils": "^0.1.3"
      }
    },
    "node_modules/@floating-ui/dom": {
      "version": "1.1.1",
      "resolved": "https://registry.npmjs.org/@floating-ui/dom/-/dom-1.1.1.tgz",
      "integrity": "sha512-TpIO93+DIujg3g7SykEAGZMDtbJRrmnYRCNYSjJlvIbGhBjRSNTLVbNeDQBrzy9qDgUbiWdc7KA0uZHZ2tJmiw==",
      "dependencies": {
        "@floating-ui/core": "^1.1.0"
      }
    },
    "node_modules/@floating-ui/utils": {
      "version": "0.1.6",
      "resolved": "https://registry.npmjs.org/@floating-ui/utils/-/utils-0.1.6.tgz",
      "integrity": "sha512-OfX7E2oUDYxtBvsuS4e/jSn4Q9Qb6DzgeYtsAdkPZ47znpoNsMgZw0+tVijiv3uGNR6dgNlty6r9rzIzHjtd/A=="
    },
    "node_modules/@fortawesome/fontawesome-common-types": {
      "version": "6.5.1",
      "resolved": "https://registry.npmjs.org/@fortawesome/fontawesome-common-types/-/fontawesome-common-types-6.5.1.tgz",
      "integrity": "sha512-GkWzv+L6d2bI5f/Vk6ikJ9xtl7dfXtoRu3YGE6nq0p/FFqA1ebMOAWg3XgRyb0I6LYyYkiAo+3/KrwuBp8xG7A==",
      "hasInstallScript": true,
      "engines": {
        "node": ">=6"
      }
    },
    "node_modules/@fortawesome/fontawesome-svg-core": {
      "version": "6.5.1",
      "resolved": "https://registry.npmjs.org/@fortawesome/fontawesome-svg-core/-/fontawesome-svg-core-6.5.1.tgz",
      "integrity": "sha512-MfRCYlQPXoLlpem+egxjfkEuP9UQswTrlCOsknus/NcMoblTH2g0jPrapbcIb04KGA7E2GZxbAccGZfWoYgsrQ==",
      "hasInstallScript": true,
      "dependencies": {
        "@fortawesome/fontawesome-common-types": "6.5.1"
      },
      "engines": {
        "node": ">=6"
      }
    },
    "node_modules/@fortawesome/free-brands-svg-icons": {
      "version": "6.5.1",
      "resolved": "https://registry.npmjs.org/@fortawesome/free-brands-svg-icons/-/free-brands-svg-icons-6.5.1.tgz",
      "integrity": "sha512-093l7DAkx0aEtBq66Sf19MgoZewv1zeY9/4C7vSKPO4qMwEsW/2VYTUTpBtLwfb9T2R73tXaRDPmE4UqLCYHfg==",
      "hasInstallScript": true,
      "dependencies": {
        "@fortawesome/fontawesome-common-types": "6.5.1"
      },
      "engines": {
        "node": ">=6"
      }
    },
    "node_modules/@fortawesome/free-regular-svg-icons": {
      "version": "6.5.1",
      "resolved": "https://registry.npmjs.org/@fortawesome/free-regular-svg-icons/-/free-regular-svg-icons-6.5.1.tgz",
      "integrity": "sha512-m6ShXn+wvqEU69wSP84coxLbNl7sGVZb+Ca+XZq6k30SzuP3X4TfPqtycgUh9ASwlNh5OfQCd8pDIWxl+O+LlQ==",
      "hasInstallScript": true,
      "dependencies": {
        "@fortawesome/fontawesome-common-types": "6.5.1"
      },
      "engines": {
        "node": ">=6"
      }
    },
    "node_modules/@fortawesome/free-solid-svg-icons": {
      "version": "6.5.1",
      "resolved": "https://registry.npmjs.org/@fortawesome/free-solid-svg-icons/-/free-solid-svg-icons-6.5.1.tgz",
      "integrity": "sha512-S1PPfU3mIJa59biTtXJz1oI0+KAXW6bkAb31XKhxdxtuXDiUIFsih4JR1v5BbxY7hVHsD1RKq+jRkVRaf773NQ==",
      "hasInstallScript": true,
      "dependencies": {
        "@fortawesome/fontawesome-common-types": "6.5.1"
      },
      "engines": {
        "node": ">=6"
      }
    },
    "node_modules/@fortawesome/vue-fontawesome": {
      "version": "3.0.5",
      "resolved": "https://registry.npmjs.org/@fortawesome/vue-fontawesome/-/vue-fontawesome-3.0.5.tgz",
      "integrity": "sha512-isZZ4+utQH9qg9cWxWYHQ9GwI3r5FeO7GnmzKYV+gbjxcptQhh+F99iZXi1Y9AvFUEgy8kRpAdvDlbb3drWFrw==",
      "peerDependencies": {
        "@fortawesome/fontawesome-svg-core": "~1 || ~6",
        "vue": ">= 3.0.0 < 4"
      }
    },
    "node_modules/@jridgewell/sourcemap-codec": {
      "version": "1.4.15",
      "resolved": "https://registry.npmjs.org/@jridgewell/sourcemap-codec/-/sourcemap-codec-1.4.15.tgz",
      "integrity": "sha512-eF2rxCRulEKXHTRiDrDy6erMYWqNw4LPdQ8UQA4huuxaQsVeRPFl2oM8oDGxMFhJUWZf9McpLtJasDDZb/Bpeg==",
      "peer": true
    },
    "node_modules/@vue/compiler-core": {
      "version": "3.4.3",
      "resolved": "https://registry.npmjs.org/@vue/compiler-core/-/compiler-core-3.4.3.tgz",
      "integrity": "sha512-u8jzgFg0EDtSrb/hG53Wwh1bAOQFtc1ZCegBpA/glyvTlgHl+tq13o1zvRfLbegYUw/E4mSTGOiCnAJ9SJ+lsg==",
      "peer": true,
      "dependencies": {
        "@babel/parser": "^7.23.6",
        "@vue/shared": "3.4.3",
        "entities": "^4.5.0",
        "estree-walker": "^2.0.2",
        "source-map-js": "^1.0.2"
      }
    },
    "node_modules/@vue/compiler-dom": {
      "version": "3.4.3",
      "resolved": "https://registry.npmjs.org/@vue/compiler-dom/-/compiler-dom-3.4.3.tgz",
      "integrity": "sha512-oGF1E9/htI6JWj/lTJgr6UgxNCtNHbM6xKVreBWeZL9QhRGABRVoWGAzxmtBfSOd+w0Zi5BY0Es/tlJrN6WgEg==",
      "peer": true,
      "dependencies": {
        "@vue/compiler-core": "3.4.3",
        "@vue/shared": "3.4.3"
      }
    },
    "node_modules/@vue/compiler-sfc": {
      "version": "3.4.3",
      "resolved": "https://registry.npmjs.org/@vue/compiler-sfc/-/compiler-sfc-3.4.3.tgz",
      "integrity": "sha512-NuJqb5is9I4uzv316VRUDYgIlPZCG8D+ARt5P4t5UDShIHKL25J3TGZAUryY/Aiy0DsY7srJnZL5ryB6DD63Zw==",
      "peer": true,
      "dependencies": {
        "@babel/parser": "^7.23.6",
        "@vue/compiler-core": "3.4.3",
        "@vue/compiler-dom": "3.4.3",
        "@vue/compiler-ssr": "3.4.3",
        "@vue/shared": "3.4.3",
        "estree-walker": "^2.0.2",
        "magic-string": "^0.30.5",
        "postcss": "^8.4.32",
        "source-map-js": "^1.0.2"
      }
    },
    "node_modules/@vue/compiler-ssr": {
      "version": "3.4.3",
      "resolved": "https://registry.npmjs.org/@vue/compiler-ssr/-/compiler-ssr-3.4.3.tgz",
      "integrity": "sha512-wnYQtMBkeFSxgSSQbYGQeXPhQacQiog2c6AlvMldQH6DB+gSXK/0F6DVXAJfEiuBSgBhUc8dwrrG5JQcqwalsA==",
      "peer": true,
      "dependencies": {
        "@vue/compiler-dom": "3.4.3",
        "@vue/shared": "3.4.3"
      }
    },
    "node_modules/@vue/reactivity": {
      "version": "3.4.3",
      "resolved": "https://registry.npmjs.org/@vue/reactivity/-/reactivity-3.4.3.tgz",
      "integrity": "sha512-q5f9HLDU+5aBKizXHAx0w4whkIANs1Muiq9R5YXm0HtorSlflqv9u/ohaMxuuhHWCji4xqpQ1eL04WvmAmGnFg==",
      "peer": true,
      "dependencies": {
        "@vue/shared": "3.4.3"
      }
    },
    "node_modules/@vue/runtime-core": {
      "version": "3.4.3",
      "resolved": "https://registry.npmjs.org/@vue/runtime-core/-/runtime-core-3.4.3.tgz",
      "integrity": "sha512-C1r6QhB1qY7D591RCSFhMULyzL9CuyrGc+3PpB0h7dU4Qqw6GNyo4BNFjHZVvsWncrUlKX3DIKg0Y7rNNr06NQ==",
      "peer": true,
      "dependencies": {
        "@vue/reactivity": "3.4.3",
        "@vue/shared": "3.4.3"
      }
    },
    "node_modules/@vue/runtime-dom": {
      "version": "3.4.3",
      "resolved": "https://registry.npmjs.org/@vue/runtime-dom/-/runtime-dom-3.4.3.tgz",
      "integrity": "sha512-wrsprg7An5Ec+EhPngWdPuzkp0BEUxAKaQtN9dPU/iZctPyD9aaXmVtehPJerdQxQale6gEnhpnfywNw3zOv2A==",
      "peer": true,
      "dependencies": {
        "@vue/runtime-core": "3.4.3",
        "@vue/shared": "3.4.3",
        "csstype": "^3.1.3"
      }
    },
    "node_modules/@vue/server-renderer": {
      "version": "3.4.3",
      "resolved": "https://registry.npmjs.org/@vue/server-renderer/-/server-renderer-3.4.3.tgz",
      "integrity": "sha512-BUxt8oVGMKKsqSkM1uU3d3Houyfy4WAc2SpSQRebNd+XJGATVkW/rO129jkyL+kpB/2VRKzE63zwf5RtJ3XuZw==",
      "peer": true,
      "dependencies": {
        "@vue/compiler-ssr": "3.4.3",
        "@vue/shared": "3.4.3"
      },
      "peerDependencies": {
        "vue": "3.4.3"
      }
    },
    "node_modules/@vue/shared": {
      "version": "3.4.3",
      "resolved": "https://registry.npmjs.org/@vue/shared/-/shared-3.4.3.tgz",
      "integrity": "sha512-rIwlkkP1n4uKrRzivAKPZIEkHiuwY5mmhMJ2nZKCBLz8lTUlE73rQh4n1OnnMurXt1vcUNyH4ZPfdh8QweTjpQ==",
      "peer": true
    },
    "node_modules/csstype": {
      "version": "3.1.3",
      "resolved": "https://registry.npmjs.org/csstype/-/csstype-3.1.3.tgz",
      "integrity": "sha512-M1uQkMl8rQK/szD0LNhtqxIPLpimGm8sOBwU7lLnCpSbTyY3yeU1Vc7l4KT5zT4s/yOxHH5O7tIuuLOCnLADRw==",
      "peer": true
    },
    "node_modules/entities": {
      "version": "4.5.0",
      "resolved": "https://registry.npmjs.org/entities/-/entities-4.5.0.tgz",
      "integrity": "sha512-V0hjH4dGPh9Ao5p0MoRY6BVqtwCjhz6vI5LT8AJ55H+4g9/4vbHx1I54fS0XuclLhDHArPQCiMjDxjaL8fPxhw==",
      "peer": true,
      "engines": {
        "node": ">=0.12"
      },
      "funding": {
        "url": "https://github.com/fb55/entities?sponsor=1"
      }
    },
    "node_modules/estree-walker": {
      "version": "2.0.2",
      "resolved": "https://registry.npmjs.org/estree-walker/-/estree-walker-2.0.2.tgz",
      "integrity": "sha512-Rfkk/Mp/DL7JVje3u18FxFujQlTNR2q6QfMSMB7AvCBx91NGj/ba3kCfza0f6dVDbw7YlRf/nDrn7pQrCCyQ/w==",
      "peer": true
    },
    "node_modules/floating-vue": {
      "version": "2.0.0-beta.24",
      "resolved": "https://registry.npmjs.org/floating-vue/-/floating-vue-2.0.0-beta.24.tgz",
      "integrity": "sha512-URSzP6YXaF4u1oZ9XGL8Sn8puuM7ivp5jkOUrpy5Q1mfo9BfGppJOn+ierTmsSUfJEeHBae8KT7r5DeI3vQIEw==",
      "dependencies": {
        "@floating-ui/dom": "~1.1.1",
        "vue-resize": "^2.0.0-alpha.1"
      },
      "peerDependencies": {
        "@nuxt/kit": "^3.2.0",
        "vue": "^3.2.0"
      },
      "peerDependenciesMeta": {
        "@nuxt/kit": {
          "optional": true
        }
      }
    },
    "node_modules/lodash": {
      "version": "4.17.21",
      "resolved": "https://registry.npmjs.org/lodash/-/lodash-4.17.21.tgz",
      "integrity": "sha512-v2kDEe57lecTulaDIuNTPy3Ry4gLGJ6Z1O3vE1krgXZNrsQ+LFTGHVxVjcXPs17LhbZVGedAJv8XZ1tvj5FvSg=="
    },
    "node_modules/magic-string": {
      "version": "0.30.5",
      "resolved": "https://registry.npmjs.org/magic-string/-/magic-string-0.30.5.tgz",
      "integrity": "sha512-7xlpfBaQaP/T6Vh8MO/EqXSW5En6INHEvEXQiuff7Gku0PWjU3uf6w/j9o7O+SpB5fOAkrI5HeoNgwjEO0pFsA==",
      "peer": true,
      "dependencies": {
        "@jridgewell/sourcemap-codec": "^1.4.15"
      },
      "engines": {
        "node": ">=12"
      }
    },
    "node_modules/moment": {
      "version": "2.30.1",
      "resolved": "https://registry.npmjs.org/moment/-/moment-2.30.1.tgz",
      "integrity": "sha512-uEmtNhbDOrWPFS+hdjFCBfy9f2YoyzRpwcl+DqpC6taX21FzsTLQVbMV/W7PzNSX6x/bhC1zA3c2UQ5NzH6how==",
      "engines": {
        "node": "*"
      }
    },
    "node_modules/nanoid": {
      "version": "3.3.7",
      "resolved": "https://registry.npmjs.org/nanoid/-/nanoid-3.3.7.tgz",
      "integrity": "sha512-eSRppjcPIatRIMC1U6UngP8XFcz8MQWGQdt1MTBQ7NaAmvXDfvNxbvWV3x2y6CdEUciCSsDHDQZbhYaB8QEo2g==",
      "funding": [
        {
          "type": "github",
          "url": "https://github.com/sponsors/ai"
        }
      ],
      "peer": true,
      "bin": {
        "nanoid": "bin/nanoid.cjs"
      },
      "engines": {
        "node": "^10 || ^12 || ^13.7 || ^14 || >=15.0.1"
      }
    },
    "node_modules/picocolors": {
      "version": "1.0.0",
      "resolved": "https://registry.npmjs.org/picocolors/-/picocolors-1.0.0.tgz",
      "integrity": "sha512-1fygroTLlHu66zi26VoTDv8yRgm0Fccecssto+MhsZ0D/DGW2sm8E8AjW7NU5VVTRt5GxbeZ5qBuJr+HyLYkjQ==",
      "peer": true
    },
    "node_modules/popper.js": {
      "version": "1.16.1",
      "resolved": "https://registry.npmjs.org/popper.js/-/popper.js-1.16.1.tgz",
      "integrity": "sha512-Wb4p1J4zyFTbM+u6WuO4XstYx4Ky9Cewe4DWrel7B0w6VVICvPwdOpotjzcf6eD8TsckVnIMNONQyPIUFOUbCQ==",
      "deprecated": "You can find the new Popper v2 at @popperjs/core, this package is dedicated to the legacy v1",
      "funding": {
        "type": "opencollective",
        "url": "https://opencollective.com/popperjs"
      }
    },
    "node_modules/postcss": {
      "version": "8.4.32",
      "resolved": "https://registry.npmjs.org/postcss/-/postcss-8.4.32.tgz",
      "integrity": "sha512-D/kj5JNu6oo2EIy+XL/26JEDTlIbB8hw85G8StOE6L74RQAVVP5rej6wxCNqyMbR4RkPfqvezVbPw81Ngd6Kcw==",
      "funding": [
        {
          "type": "opencollective",
          "url": "https://opencollective.com/postcss/"
        },
        {
          "type": "tidelift",
          "url": "https://tidelift.com/funding/github/npm/postcss"
        },
        {
          "type": "github",
          "url": "https://github.com/sponsors/ai"
        }
      ],
      "peer": true,
      "dependencies": {
        "nanoid": "^3.3.7",
        "picocolors": "^1.0.0",
        "source-map-js": "^1.0.2"
      },
      "engines": {
        "node": "^10 || ^12 || >=14"
      }
    },
    "node_modules/prettier": {
      "version": "2.8.8",
      "resolved": "https://registry.npmjs.org/prettier/-/prettier-2.8.8.tgz",
      "integrity": "sha512-tdN8qQGvNjw4CHbY+XXk0JgCXn9QiF21a55rBe5LJAU+kDyC4WQn4+awm2Xfk2lQMk5fKup9XgzTZtGkjBdP9Q==",
      "optional": true,
      "peer": true,
      "bin": {
        "prettier": "bin-prettier.js"
      },
      "engines": {
        "node": ">=10.13.0"
      },
      "funding": {
        "url": "https://github.com/prettier/prettier?sponsor=1"
      }
    },
    "node_modules/regenerator-runtime": {
      "version": "0.14.1",
      "resolved": "https://registry.npmjs.org/regenerator-runtime/-/regenerator-runtime-0.14.1.tgz",
      "integrity": "sha512-dYnhHh0nJoMfnkZs6GmmhFknAGRrLznOu5nc9ML+EJxGvrx6H7teuevqVqCuPcPK//3eDrrjQhehXVx9cnkGdw=="
    },
    "node_modules/source-map": {
      "version": "0.6.1",
      "resolved": "https://registry.npmjs.org/source-map/-/source-map-0.6.1.tgz",
      "integrity": "sha512-UjgapumWlbMhkBgzT7Ykc5YXUT46F0iKu8SGXq0bcwP5dz/h0Plj6enJqjz1Zbq2l5WaqYnrVbwWOWMyF3F47g==",
      "peer": true,
      "engines": {
        "node": ">=0.10.0"
      }
    },
    "node_modules/source-map-js": {
      "version": "1.0.2",
      "resolved": "https://registry.npmjs.org/source-map-js/-/source-map-js-1.0.2.tgz",
      "integrity": "sha512-R0XvVJ9WusLiqTCEiGCmICCMplcCkIwwR11mOSD9CR5u+IXYdiseeEuXCVAjS54zqwkLcPNnmU4OeJ6tUrWhDw==",
      "peer": true,
      "engines": {
        "node": ">=0.10.0"
      }
    },
    "node_modules/v-tooltip": {
      "version": "2.1.3",
      "resolved": "https://registry.npmjs.org/v-tooltip/-/v-tooltip-2.1.3.tgz",
      "integrity": "sha512-xXngyxLQTOx/yUEy50thb8te7Qo4XU6h4LZB6cvEfVd9mnysUxLEoYwGWDdqR+l69liKsy3IPkdYff3J1gAJ5w==",
      "dependencies": {
        "@babel/runtime": "^7.13.10",
        "lodash": "^4.17.21",
        "popper.js": "^1.16.1",
        "vue-resize": "^1.0.1"
      }
    },
    "node_modules/v-tooltip/node_modules/@vue/compiler-sfc": {
      "version": "2.7.16",
      "resolved": "https://registry.npmjs.org/@vue/compiler-sfc/-/compiler-sfc-2.7.16.tgz",
      "integrity": "sha512-KWhJ9k5nXuNtygPU7+t1rX6baZeqOYLEforUPjgNDBnLicfHCoi48H87Q8XyLZOrNNsmhuwKqtpDQWjEFe6Ekg==",
      "peer": true,
      "dependencies": {
        "@babel/parser": "^7.23.5",
        "postcss": "^8.4.14",
        "source-map": "^0.6.1"
      },
      "optionalDependencies": {
        "prettier": "^1.18.2 || ^2.0.0"
      }
    },
    "node_modules/v-tooltip/node_modules/vue": {
      "version": "2.7.16",
      "resolved": "https://registry.npmjs.org/vue/-/vue-2.7.16.tgz",
      "integrity": "sha512-4gCtFXaAA3zYZdTp5s4Hl2sozuySsgz4jy1EnpBHNfpMa9dK1ZCG7viqBPCwXtmgc8nHqUsAu3G4gtmXkkY3Sw==",
      "deprecated": "Vue 2 has reached EOL and is no longer actively maintained. See https://v2.vuejs.org/eol/ for more details.",
      "peer": true,
      "dependencies": {
        "@vue/compiler-sfc": "2.7.16",
        "csstype": "^3.1.0"
      }
    },
    "node_modules/v-tooltip/node_modules/vue-resize": {
      "version": "1.0.1",
      "resolved": "https://registry.npmjs.org/vue-resize/-/vue-resize-1.0.1.tgz",
      "integrity": "sha512-z5M7lJs0QluJnaoMFTIeGx6dIkYxOwHThlZDeQnWZBizKblb99GSejPnK37ZbNE/rVwDcYcHY+Io+AxdpY952w==",
      "dependencies": {
        "@babel/runtime": "^7.13.10"
      },
      "peerDependencies": {
        "vue": "^2.6.0"
      }
    },
    "node_modules/vue": {
      "version": "3.4.3",
      "resolved": "https://registry.npmjs.org/vue/-/vue-3.4.3.tgz",
      "integrity": "sha512-GjN+culMAGv/mUbkIv8zMKItno8npcj5gWlXkSxf1SPTQf8eJ4A+YfHIvQFyL1IfuJcMl3soA7SmN1fRxbf/wA==",
      "peer": true,
      "dependencies": {
        "@vue/compiler-dom": "3.4.3",
        "@vue/compiler-sfc": "3.4.3",
        "@vue/runtime-dom": "3.4.3",
        "@vue/server-renderer": "3.4.3",
        "@vue/shared": "3.4.3"
      },
      "peerDependencies": {
        "typescript": "*"
      },
      "peerDependenciesMeta": {
        "typescript": {
          "optional": true
        }
      }
    },
    "node_modules/vue-resize": {
      "version": "2.0.0-alpha.1",
      "resolved": "https://registry.npmjs.org/vue-resize/-/vue-resize-2.0.0-alpha.1.tgz",
      "integrity": "sha512-7+iqOueLU7uc9NrMfrzbG8hwMqchfVfSzpVlCMeJQe4pyibqyoifDNbKTZvwxZKDvGkB+PdFeKvnGZMoEb8esg==",
      "peerDependencies": {
        "vue": "^3.0.0"
      }
    }
  },
  "dependencies": {
    "@babel/parser": {
      "version": "7.23.6",
      "resolved": "https://registry.npmjs.org/@babel/parser/-/parser-7.23.6.tgz",
      "integrity": "sha512-Z2uID7YJ7oNvAI20O9X0bblw7Qqs8Q2hFy0R9tAfnfLkp5MW0UH9eUvnDSnFwKZ0AvgS1ucqR4KzvVHgnke1VQ==",
      "peer": true
    },
    "@babel/runtime": {
      "version": "7.23.7",
      "resolved": "https://registry.npmjs.org/@babel/runtime/-/runtime-7.23.7.tgz",
      "integrity": "sha512-w06OXVOFso7LcbzMiDGt+3X7Rh7Ho8MmgPoWU3rarH+8upf+wSU/grlGbWzQyr3DkdN6ZeuMFjpdwW0Q+HxobA==",
      "requires": {
        "regenerator-runtime": "^0.14.0"
      }
    },
    "@floating-ui/core": {
      "version": "1.5.2",
      "resolved": "https://registry.npmjs.org/@floating-ui/core/-/core-1.5.2.tgz",
      "integrity": "sha512-Ii3MrfY/GAIN3OhXNzpCKaLxHQfJF9qvwq/kEJYdqDxeIHa01K8sldugal6TmeeXl+WMvhv9cnVzUTaFFJF09A==",
      "requires": {
        "@floating-ui/utils": "^0.1.3"
      }
    },
    "@floating-ui/dom": {
      "version": "1.1.1",
      "resolved": "https://registry.npmjs.org/@floating-ui/dom/-/dom-1.1.1.tgz",
      "integrity": "sha512-TpIO93+DIujg3g7SykEAGZMDtbJRrmnYRCNYSjJlvIbGhBjRSNTLVbNeDQBrzy9qDgUbiWdc7KA0uZHZ2tJmiw==",
      "requires": {
        "@floating-ui/core": "^1.1.0"
      }
    },
    "@floating-ui/utils": {
      "version": "0.1.6",
      "resolved": "https://registry.npmjs.org/@floating-ui/utils/-/utils-0.1.6.tgz",
      "integrity": "sha512-OfX7E2oUDYxtBvsuS4e/jSn4Q9Qb6DzgeYtsAdkPZ47znpoNsMgZw0+tVijiv3uGNR6dgNlty6r9rzIzHjtd/A=="
    },
    "@fortawesome/fontawesome-common-types": {
      "version": "6.5.1",
      "resolved": "https://registry.npmjs.org/@fortawesome/fontawesome-common-types/-/fontawesome-common-types-6.5.1.tgz",
      "integrity": "sha512-GkWzv+L6d2bI5f/Vk6ikJ9xtl7dfXtoRu3YGE6nq0p/FFqA1ebMOAWg3XgRyb0I6LYyYkiAo+3/KrwuBp8xG7A=="
    },
    "@fortawesome/fontawesome-svg-core": {
      "version": "6.5.1",
      "resolved": "https://registry.npmjs.org/@fortawesome/fontawesome-svg-core/-/fontawesome-svg-core-6.5.1.tgz",
      "integrity": "sha512-MfRCYlQPXoLlpem+egxjfkEuP9UQswTrlCOsknus/NcMoblTH2g0jPrapbcIb04KGA7E2GZxbAccGZfWoYgsrQ==",
      "requires": {
        "@fortawesome/fontawesome-common-types": "6.5.1"
      }
    },
    "@fortawesome/free-brands-svg-icons": {
      "version": "6.5.1",
      "resolved": "https://registry.npmjs.org/@fortawesome/free-brands-svg-icons/-/free-brands-svg-icons-6.5.1.tgz",
      "integrity": "sha512-093l7DAkx0aEtBq66Sf19MgoZewv1zeY9/4C7vSKPO4qMwEsW/2VYTUTpBtLwfb9T2R73tXaRDPmE4UqLCYHfg==",
      "requires": {
        "@fortawesome/fontawesome-common-types": "6.5.1"
      }
    },
    "@fortawesome/free-regular-svg-icons": {
      "version": "6.5.1",
      "resolved": "https://registry.npmjs.org/@fortawesome/free-regular-svg-icons/-/free-regular-svg-icons-6.5.1.tgz",
      "integrity": "sha512-m6ShXn+wvqEU69wSP84coxLbNl7sGVZb+Ca+XZq6k30SzuP3X4TfPqtycgUh9ASwlNh5OfQCd8pDIWxl+O+LlQ==",
      "requires": {
        "@fortawesome/fontawesome-common-types": "6.5.1"
      }
    },
    "@fortawesome/free-solid-svg-icons": {
      "version": "6.5.1",
      "resolved": "https://registry.npmjs.org/@fortawesome/free-solid-svg-icons/-/free-solid-svg-icons-6.5.1.tgz",
      "integrity": "sha512-S1PPfU3mIJa59biTtXJz1oI0+KAXW6bkAb31XKhxdxtuXDiUIFsih4JR1v5BbxY7hVHsD1RKq+jRkVRaf773NQ==",
      "requires": {
        "@fortawesome/fontawesome-common-types": "6.5.1"
      }
    },
    "@fortawesome/vue-fontawesome": {
      "version": "3.0.5",
      "resolved": "https://registry.npmjs.org/@fortawesome/vue-fontawesome/-/vue-fontawesome-3.0.5.tgz",
      "integrity": "sha512-isZZ4+utQH9qg9cWxWYHQ9GwI3r5FeO7GnmzKYV+gbjxcptQhh+F99iZXi1Y9AvFUEgy8kRpAdvDlbb3drWFrw==",
      "requires": {}
    },
    "@jridgewell/sourcemap-codec": {
      "version": "1.4.15",
      "resolved": "https://registry.npmjs.org/@jridgewell/sourcemap-codec/-/sourcemap-codec-1.4.15.tgz",
      "integrity": "sha512-eF2rxCRulEKXHTRiDrDy6erMYWqNw4LPdQ8UQA4huuxaQsVeRPFl2oM8oDGxMFhJUWZf9McpLtJasDDZb/Bpeg==",
      "peer": true
    },
    "@vue/compiler-core": {
      "version": "3.4.3",
      "resolved": "https://registry.npmjs.org/@vue/compiler-core/-/compiler-core-3.4.3.tgz",
      "integrity": "sha512-u8jzgFg0EDtSrb/hG53Wwh1bAOQFtc1ZCegBpA/glyvTlgHl+tq13o1zvRfLbegYUw/E4mSTGOiCnAJ9SJ+lsg==",
      "peer": true,
      "requires": {
        "@babel/parser": "^7.23.6",
        "@vue/shared": "3.4.3",
        "entities": "^4.5.0",
        "estree-walker": "^2.0.2",
        "source-map-js": "^1.0.2"
      }
    },
    "@vue/compiler-dom": {
      "version": "3.4.3",
      "resolved": "https://registry.npmjs.org/@vue/compiler-dom/-/compiler-dom-3.4.3.tgz",
      "integrity": "sha512-oGF1E9/htI6JWj/lTJgr6UgxNCtNHbM6xKVreBWeZL9QhRGABRVoWGAzxmtBfSOd+w0Zi5BY0Es/tlJrN6WgEg==",
      "peer": true,
      "requires": {
        "@vue/compiler-core": "3.4.3",
        "@vue/shared": "3.4.3"
      }
    },
    "@vue/compiler-sfc": {
      "version": "3.4.3",
      "resolved": "https://registry.npmjs.org/@vue/compiler-sfc/-/compiler-sfc-3.4.3.tgz",
      "integrity": "sha512-NuJqb5is9I4uzv316VRUDYgIlPZCG8D+ARt5P4t5UDShIHKL25J3TGZAUryY/Aiy0DsY7srJnZL5ryB6DD63Zw==",
      "peer": true,
      "requires": {
        "@babel/parser": "^7.23.6",
        "@vue/compiler-core": "3.4.3",
        "@vue/compiler-dom": "3.4.3",
        "@vue/compiler-ssr": "3.4.3",
        "@vue/shared": "3.4.3",
        "estree-walker": "^2.0.2",
        "magic-string": "^0.30.5",
        "postcss": "^8.4.32",
        "source-map-js": "^1.0.2"
      }
    },
    "@vue/compiler-ssr": {
      "version": "3.4.3",
      "resolved": "https://registry.npmjs.org/@vue/compiler-ssr/-/compiler-ssr-3.4.3.tgz",
      "integrity": "sha512-wnYQtMBkeFSxgSSQbYGQeXPhQacQiog2c6AlvMldQH6DB+gSXK/0F6DVXAJfEiuBSgBhUc8dwrrG5JQcqwalsA==",
      "peer": true,
      "requires": {
        "@vue/compiler-dom": "3.4.3",
        "@vue/shared": "3.4.3"
      }
    },
    "@vue/reactivity": {
      "version": "3.4.3",
      "resolved": "https://registry.npmjs.org/@vue/reactivity/-/reactivity-3.4.3.tgz",
      "integrity": "sha512-q5f9HLDU+5aBKizXHAx0w4whkIANs1Muiq9R5YXm0HtorSlflqv9u/ohaMxuuhHWCji4xqpQ1eL04WvmAmGnFg==",
      "peer": true,
      "requires": {
        "@vue/shared": "3.4.3"
      }
    },
    "@vue/runtime-core": {
      "version": "3.4.3",
      "resolved": "https://registry.npmjs.org/@vue/runtime-core/-/runtime-core-3.4.3.tgz",
      "integrity": "sha512-C1r6QhB1qY7D591RCSFhMULyzL9CuyrGc+3PpB0h7dU4Qqw6GNyo4BNFjHZVvsWncrUlKX3DIKg0Y7rNNr06NQ==",
      "peer": true,
      "requires": {
        "@vue/reactivity": "3.4.3",
        "@vue/shared": "3.4.3"
      }
    },
    "@vue/runtime-dom": {
      "version": "3.4.3",
      "resolved": "https://registry.npmjs.org/@vue/runtime-dom/-/runtime-dom-3.4.3.tgz",
      "integrity": "sha512-wrsprg7An5Ec+EhPngWdPuzkp0BEUxAKaQtN9dPU/iZctPyD9aaXmVtehPJerdQxQale6gEnhpnfywNw3zOv2A==",
      "peer": true,
      "requires": {
        "@vue/runtime-core": "3.4.3",
        "@vue/shared": "3.4.3",
        "csstype": "^3.1.3"
      }
    },
    "@vue/server-renderer": {
      "version": "3.4.3",
      "resolved": "https://registry.npmjs.org/@vue/server-renderer/-/server-renderer-3.4.3.tgz",
      "integrity": "sha512-BUxt8oVGMKKsqSkM1uU3d3Houyfy4WAc2SpSQRebNd+XJGATVkW/rO129jkyL+kpB/2VRKzE63zwf5RtJ3XuZw==",
      "peer": true,
      "requires": {
        "@vue/compiler-ssr": "3.4.3",
        "@vue/shared": "3.4.3"
      }
    },
    "@vue/shared": {
      "version": "3.4.3",
      "resolved": "https://registry.npmjs.org/@vue/shared/-/shared-3.4.3.tgz",
      "integrity": "sha512-rIwlkkP1n4uKrRzivAKPZIEkHiuwY5mmhMJ2nZKCBLz8lTUlE73rQh4n1OnnMurXt1vcUNyH4ZPfdh8QweTjpQ==",
      "peer": true
    },
    "csstype": {
      "version": "3.1.3",
      "resolved": "https://registry.npmjs.org/csstype/-/csstype-3.1.3.tgz",
      "integrity": "sha512-M1uQkMl8rQK/szD0LNhtqxIPLpimGm8sOBwU7lLnCpSbTyY3yeU1Vc7l4KT5zT4s/yOxHH5O7tIuuLOCnLADRw==",
      "peer": true
    },
    "entities": {
      "version": "4.5.0",
      "resolved": "https://registry.npmjs.org/entities/-/entities-4.5.0.tgz",
      "integrity": "sha512-V0hjH4dGPh9Ao5p0MoRY6BVqtwCjhz6vI5LT8AJ55H+4g9/4vbHx1I54fS0XuclLhDHArPQCiMjDxjaL8fPxhw==",
      "peer": true
    },
    "estree-walker": {
      "version": "2.0.2",
      "resolved": "https://registry.npmjs.org/estree-walker/-/estree-walker-2.0.2.tgz",
      "integrity": "sha512-Rfkk/Mp/DL7JVje3u18FxFujQlTNR2q6QfMSMB7AvCBx91NGj/ba3kCfza0f6dVDbw7YlRf/nDrn7pQrCCyQ/w==",
      "peer": true
    },
    "floating-vue": {
      "version": "2.0.0-beta.24",
      "resolved": "https://registry.npmjs.org/floating-vue/-/floating-vue-2.0.0-beta.24.tgz",
      "integrity": "sha512-URSzP6YXaF4u1oZ9XGL8Sn8puuM7ivp5jkOUrpy5Q1mfo9BfGppJOn+ierTmsSUfJEeHBae8KT7r5DeI3vQIEw==",
      "requires": {
        "@floating-ui/dom": "~1.1.1",
        "vue-resize": "^2.0.0-alpha.1"
      }
    },
    "lodash": {
      "version": "4.17.21",
      "resolved": "https://registry.npmjs.org/lodash/-/lodash-4.17.21.tgz",
      "integrity": "sha512-v2kDEe57lecTulaDIuNTPy3Ry4gLGJ6Z1O3vE1krgXZNrsQ+LFTGHVxVjcXPs17LhbZVGedAJv8XZ1tvj5FvSg=="
    },
    "magic-string": {
      "version": "0.30.5",
      "resolved": "https://registry.npmjs.org/magic-string/-/magic-string-0.30.5.tgz",
      "integrity": "sha512-7xlpfBaQaP/T6Vh8MO/EqXSW5En6INHEvEXQiuff7Gku0PWjU3uf6w/j9o7O+SpB5fOAkrI5HeoNgwjEO0pFsA==",
      "peer": true,
      "requires": {
        "@jridgewell/sourcemap-codec": "^1.4.15"
      }
    },
    "moment": {
      "version": "2.30.1",
      "resolved": "https://registry.npmjs.org/moment/-/moment-2.30.1.tgz",
      "integrity": "sha512-uEmtNhbDOrWPFS+hdjFCBfy9f2YoyzRpwcl+DqpC6taX21FzsTLQVbMV/W7PzNSX6x/bhC1zA3c2UQ5NzH6how=="
    },
    "nanoid": {
      "version": "3.3.7",
      "resolved": "https://registry.npmjs.org/nanoid/-/nanoid-3.3.7.tgz",
      "integrity": "sha512-eSRppjcPIatRIMC1U6UngP8XFcz8MQWGQdt1MTBQ7NaAmvXDfvNxbvWV3x2y6CdEUciCSsDHDQZbhYaB8QEo2g==",
      "peer": true
    },
    "picocolors": {
      "version": "1.0.0",
      "resolved": "https://registry.npmjs.org/picocolors/-/picocolors-1.0.0.tgz",
      "integrity": "sha512-1fygroTLlHu66zi26VoTDv8yRgm0Fccecssto+MhsZ0D/DGW2sm8E8AjW7NU5VVTRt5GxbeZ5qBuJr+HyLYkjQ==",
      "peer": true
    },
    "popper.js": {
      "version": "1.16.1",
      "resolved": "https://registry.npmjs.org/popper.js/-/popper.js-1.16.1.tgz",
      "integrity": "sha512-Wb4p1J4zyFTbM+u6WuO4XstYx4Ky9Cewe4DWrel7B0w6VVICvPwdOpotjzcf6eD8TsckVnIMNONQyPIUFOUbCQ=="
    },
    "postcss": {
      "version": "8.4.32",
      "resolved": "https://registry.npmjs.org/postcss/-/postcss-8.4.32.tgz",
      "integrity": "sha512-D/kj5JNu6oo2EIy+XL/26JEDTlIbB8hw85G8StOE6L74RQAVVP5rej6wxCNqyMbR4RkPfqvezVbPw81Ngd6Kcw==",
      "peer": true,
      "requires": {
        "nanoid": "^3.3.7",
        "picocolors": "^1.0.0",
        "source-map-js": "^1.0.2"
      }
    },
    "prettier": {
      "version": "2.8.8",
      "resolved": "https://registry.npmjs.org/prettier/-/prettier-2.8.8.tgz",
      "integrity": "sha512-tdN8qQGvNjw4CHbY+XXk0JgCXn9QiF21a55rBe5LJAU+kDyC4WQn4+awm2Xfk2lQMk5fKup9XgzTZtGkjBdP9Q==",
      "optional": true,
      "peer": true
    },
    "regenerator-runtime": {
      "version": "0.14.1",
      "resolved": "https://registry.npmjs.org/regenerator-runtime/-/regenerator-runtime-0.14.1.tgz",
      "integrity": "sha512-dYnhHh0nJoMfnkZs6GmmhFknAGRrLznOu5nc9ML+EJxGvrx6H7teuevqVqCuPcPK//3eDrrjQhehXVx9cnkGdw=="
    },
    "source-map": {
      "version": "0.6.1",
      "resolved": "https://registry.npmjs.org/source-map/-/source-map-0.6.1.tgz",
      "integrity": "sha512-UjgapumWlbMhkBgzT7Ykc5YXUT46F0iKu8SGXq0bcwP5dz/h0Plj6enJqjz1Zbq2l5WaqYnrVbwWOWMyF3F47g==",
      "peer": true
    },
    "source-map-js": {
      "version": "1.0.2",
      "resolved": "https://registry.npmjs.org/source-map-js/-/source-map-js-1.0.2.tgz",
      "integrity": "sha512-R0XvVJ9WusLiqTCEiGCmICCMplcCkIwwR11mOSD9CR5u+IXYdiseeEuXCVAjS54zqwkLcPNnmU4OeJ6tUrWhDw==",
      "peer": true
    },
    "v-tooltip": {
      "version": "2.1.3",
      "resolved": "https://registry.npmjs.org/v-tooltip/-/v-tooltip-2.1.3.tgz",
      "integrity": "sha512-xXngyxLQTOx/yUEy50thb8te7Qo4XU6h4LZB6cvEfVd9mnysUxLEoYwGWDdqR+l69liKsy3IPkdYff3J1gAJ5w==",
      "requires": {
        "@babel/runtime": "^7.13.10",
        "lodash": "^4.17.21",
        "popper.js": "^1.16.1",
        "vue-resize": "^1.0.1"
      },
      "dependencies": {
        "@vue/compiler-sfc": {
          "version": "2.7.16",
          "resolved": "https://registry.npmjs.org/@vue/compiler-sfc/-/compiler-sfc-2.7.16.tgz",
          "integrity": "sha512-KWhJ9k5nXuNtygPU7+t1rX6baZeqOYLEforUPjgNDBnLicfHCoi48H87Q8XyLZOrNNsmhuwKqtpDQWjEFe6Ekg==",
          "peer": true,
          "requires": {
            "@babel/parser": "^7.23.5",
            "postcss": "^8.4.14",
            "prettier": "^1.18.2 || ^2.0.0",
            "source-map": "^0.6.1"
          }
        },
        "vue": {
          "version": "2.7.16",
          "resolved": "https://registry.npmjs.org/vue/-/vue-2.7.16.tgz",
          "integrity": "sha512-4gCtFXaAA3zYZdTp5s4Hl2sozuySsgz4jy1EnpBHNfpMa9dK1ZCG7viqBPCwXtmgc8nHqUsAu3G4gtmXkkY3Sw==",
          "peer": true,
          "requires": {
            "@vue/compiler-sfc": "2.7.16",
            "csstype": "^3.1.0"
          }
        },
        "vue-resize": {
          "version": "1.0.1",
          "resolved": "https://registry.npmjs.org/vue-resize/-/vue-resize-1.0.1.tgz",
          "integrity": "sha512-z5M7lJs0QluJnaoMFTIeGx6dIkYxOwHThlZDeQnWZBizKblb99GSejPnK37ZbNE/rVwDcYcHY+Io+AxdpY952w==",
          "requires": {
            "@babel/runtime": "^7.13.10"
          }
        }
      }
    },
    "vue": {
      "version": "3.4.3",
      "resolved": "https://registry.npmjs.org/vue/-/vue-3.4.3.tgz",
      "integrity": "sha512-GjN+culMAGv/mUbkIv8zMKItno8npcj5gWlXkSxf1SPTQf8eJ4A+YfHIvQFyL1IfuJcMl3soA7SmN1fRxbf/wA==",
      "peer": true,
      "requires": {
        "@vue/compiler-dom": "3.4.3",
        "@vue/compiler-sfc": "3.4.3",
        "@vue/runtime-dom": "3.4.3",
        "@vue/server-renderer": "3.4.3",
        "@vue/shared": "3.4.3"
      }
    },
    "vue-resize": {
      "version": "2.0.0-alpha.1",
      "resolved": "https://registry.npmjs.org/vue-resize/-/vue-resize-2.0.0-alpha.1.tgz",
      "integrity": "sha512-7+iqOueLU7uc9NrMfrzbG8hwMqchfVfSzpVlCMeJQe4pyibqyoifDNbKTZvwxZKDvGkB+PdFeKvnGZMoEb8esg==",
      "requires": {}
    }
  }
}
